
Microsoft Visual Studio Solution File, Format Version 12.00
# Visual Studio Version 17
VisualStudioVersion = 17.2.32616.157
MinimumVisualStudioVersion = 10.0.40219.1
Project("{9A19103F-16F7-4668-BE54-9A1E7A4F7556}") = "ShoppingBasket.Presentation", "ShoppingBasket\ShoppingBasket.Presentation.csproj", "{6CF04994-81ED-4C58-AE4C-8DD1998CDE5E}"
EndProject
Project("{2150E333-8FDC-42A3-9474-1A3956D46DE8}") = "src", "src", "{28D73DFA-AEA3-451E-BC3D-99836BF9F7FB}"
EndProject
Project("{2150E333-8FDC-42A3-9474-1A3956D46DE8}") = "Layers", "Layers", "{65964B5C-D9C9-4A8D-B980-E738EE4EBF62}"
EndProject
Project("{2150E333-8FDC-42A3-9474-1A3956D46DE8}") = "1-Presentation", "1-Presentation", "{184E13D4-4690-493A-AB03-BFE2304DCBC9}"
EndProject
Project("{2150E333-8FDC-42A3-9474-1A3956D46DE8}") = "4-Data", "4-Data", "{29AE40DB-BB91-411F-8F83-ACF0374AAADE}"
EndProject
Project("{2150E333-8FDC-42A3-9474-1A3956D46DE8}") = "2-Application", "2-Application", "{8C9888AD-CDEA-4E6E-A2CF-029C283D51E0}"
EndProject
Project("{2150E333-8FDC-42A3-9474-1A3956D46DE8}") = "3-Domain", "3-Domain", "{E5471847-E6C0-463D-AE00-701C70C5154D}"
EndProject
Project("{9A19103F-16F7-4668-BE54-9A1E7A4F7556}") = "ShoppingBasket.Data.Repositories", "ShoppingBasket.Data\ShoppingBasket.Data.Repositories.csproj", "{C6BC88B4-DAB7-4F50-AF5D-97B96FADEDC2}"
EndProject
Project("{2150E333-8FDC-42A3-9474-1A3956D46DE8}") = "Tests", "Tests", "{79DCFDC1-C02A-46FD-8F8E-2C6F763DCBCF}"
EndProject
Project("{9A19103F-16F7-4668-BE54-9A1E7A4F7556}") = "ShoppingList.Domain.Model", "ShoppingList.Domain.Model\ShoppingList.Domain.Model.csproj", "{22DDBDB1-AC30-4621-A0C6-A5DC60295252}"
EndProject
Project("{9A19103F-16F7-4668-BE54-9A1E7A4F7556}") = "ShoppingBasket.Application.Services", "ShoppingBasket.Application.Services\ShoppingBasket.Application.Services.csproj", "{595684E3-D4F9-4BAD-B6BA-1EBCBBFE0CA1}"
EndProject
Project("{9A19103F-16F7-4668-BE54-9A1E7A4F7556}") = "ShoppingBasket.Data.Gateways", "ShoppingBasket.Data.Gateways\ShoppingBasket.Data.Gateways.csproj", "{40296AFB-65F6-4EFD-977B-B90C8B6981DF}"
EndProject
Project("{FAE04EC0-301F-11D3-BF4B-00C04F79EFBC}") = "ApplicationServiceTests", "ApplicationServiceTests\ApplicationServiceTests.csproj", "{834197B9-AF5E-4885-B538-7A054FF0C2F8}"
EndProject
Global
	GlobalSection(SolutionConfigurationPlatforms) = preSolution
		Debug|Any CPU = Debug|Any CPU
		Release|Any CPU = Release|Any CPU
	EndGlobalSection
	GlobalSection(ProjectConfigurationPlatforms) = postSolution
		{6CF04994-81ED-4C58-AE4C-8DD1998CDE5E}.Debug|Any CPU.ActiveCfg = Debug|Any CPU
		{6CF04994-81ED-4C58-AE4C-8DD1998CDE5E}.Debug|Any CPU.Build.0 = Debug|Any CPU
		{6CF04994-81ED-4C58-AE4C-8DD1998CDE5E}.Release|Any CPU.ActiveCfg = Release|Any CPU
		{6CF04994-81ED-4C58-AE4C-8DD1998CDE5E}.Release|Any CPU.Build.0 = Release|Any CPU
		{C6BC88B4-DAB7-4F50-AF5D-97B96FADEDC2}.Debug|Any CPU.ActiveCfg = Debug|Any CPU
		{C6BC88B4-DAB7-4F50-AF5D-97B96FADEDC2}.Debug|Any CPU.Build.0 = Debug|Any CPU
		{C6BC88B4-DAB7-4F50-AF5D-97B96FADEDC2}.Release|Any CPU.ActiveCfg = Release|Any CPU
		{C6BC88B4-DAB7-4F50-AF5D-97B96FADEDC2}.Release|Any CPU.Build.0 = Release|Any CPU
		{22DDBDB1-AC30-4621-A0C6-A5DC60295252}.Debug|Any CPU.ActiveCfg = Debug|Any CPU
		{22DDBDB1-AC30-4621-A0C6-A5DC60295252}.Debug|Any CPU.Build.0 = Debug|Any CPU
		{22DDBDB1-AC30-4621-A0C6-A5DC60295252}.Release|Any CPU.ActiveCfg = Release|Any CPU
		{22DDBDB1-AC30-4621-A0C6-A5DC60295252}.Release|Any CPU.Build.0 = Release|Any CPU
		{595684E3-D4F9-4BAD-B6BA-1EBCBBFE0CA1}.Debug|Any CPU.ActiveCfg = Debug|Any CPU
		{595684E3-D4F9-4BAD-B6BA-1EBCBBFE0CA1}.Debug|Any CPU.Build.0 = Debug|Any CPU
		{595684E3-D4F9-4BAD-B6BA-1EBCBBFE0CA1}.Release|Any CPU.ActiveCfg = Release|Any CPU
		{595684E3-D4F9-4BAD-B6BA-1EBCBBFE0CA1}.Release|Any CPU.Build.0 = Release|Any CPU
		{40296AFB-65F6-4EFD-977B-B90C8B6981DF}.Debug|Any CPU.ActiveCfg = Debug|Any CPU
		{40296AFB-65F6-4EFD-977B-B90C8B6981DF}.Debug|Any CPU.Build.0 = Debug|Any CPU
		{40296AFB-65F6-4EFD-977B-B90C8B6981DF}.Release|Any CPU.ActiveCfg = Release|Any CPU
		{40296AFB-65F6-4EFD-977B-B90C8B6981DF}.Release|Any CPU.Build.0 = Release|Any CPU
		{834197B9-AF5E-4885-B538-7A054FF0C2F8}.Debug|Any CPU.ActiveCfg = Debug|Any CPU
		{834197B9-AF5E-4885-B538-7A054FF0C2F8}.Debug|Any CPU.Build.0 = Debug|Any CPU
		{834197B9-AF5E-4885-B538-7A054FF0C2F8}.Release|Any CPU.ActiveCfg = Release|Any CPU
		{834197B9-AF5E-4885-B538-7A054FF0C2F8}.Release|Any CPU.Build.0 = Release|Any CPU
	EndGlobalSection
	GlobalSection(SolutionProperties) = preSolution
		HideSolutionNode = FALSE
	EndGlobalSection
	GlobalSection(NestedProjects) = preSolution
		{6CF04994-81ED-4C58-AE4C-8DD1998CDE5E} = {184E13D4-4690-493A-AB03-BFE2304DCBC9}
		{65964B5C-D9C9-4A8D-B980-E738EE4EBF62} = {28D73DFA-AEA3-451E-BC3D-99836BF9F7FB}
		{184E13D4-4690-493A-AB03-BFE2304DCBC9} = {65964B5C-D9C9-4A8D-B980-E738EE4EBF62}
		{29AE40DB-BB91-411F-8F83-ACF0374AAADE} = {65964B5C-D9C9-4A8D-B980-E738EE4EBF62}
		{8C9888AD-CDEA-4E6E-A2CF-029C283D51E0} = {65964B5C-D9C9-4A8D-B980-E738EE4EBF62}
		{E5471847-E6C0-463D-AE00-701C70C5154D} = {65964B5C-D9C9-4A8D-B980-E738EE4EBF62}
		{C6BC88B4-DAB7-4F50-AF5D-97B96FADEDC2} = {29AE40DB-BB91-411F-8F83-ACF0374AAADE}
		{79DCFDC1-C02A-46FD-8F8E-2C6F763DCBCF} = {28D73DFA-AEA3-451E-BC3D-99836BF9F7FB}
		{22DDBDB1-AC30-4621-A0C6-A5DC60295252} = {E5471847-E6C0-463D-AE00-701C70C5154D}
		{595684E3-D4F9-4BAD-B6BA-1EBCBBFE0CA1} = {8C9888AD-CDEA-4E6E-A2CF-029C283D51E0}
		{40296AFB-65F6-4EFD-977B-B90C8B6981DF} = {29AE40DB-BB91-411F-8F83-ACF0374AAADE}
		{834197B9-AF5E-4885-B538-7A054FF0C2F8} = {79DCFDC1-C02A-46FD-8F8E-2C6F763DCBCF}
	EndGlobalSection
	GlobalSection(ExtensibilityGlobals) = postSolution
		SolutionGuid = {6C676F93-F4FC-49B5-ACAA-6F435113F0BA}
	EndGlobalSection
EndGlobal
